
Microsoft Visual Studio Solution File, Format Version 12.00
# Visual Studio Version 17
VisualStudioVersion = 17.1.32319.34
MinimumVisualStudioVersion = 10.0.40219.1
Project("{8BC9CEB8-8B4A-11D0-8D11-00A0C91BC942}") = "익스 2주차 과제", "익스 2주차 과제\익스 2주차 과제.vcxproj", "{D53B115F-6AA0-45E1-B51B-E5109298AC5E}"
EndProject
Global
	GlobalSection(SolutionConfigurationPlatforms) = preSolution
		Debug|x64 = Debug|x64
		Debug|x86 = Debug|x86
		Release|x64 = Release|x64
		Release|x86 = Release|x86
	EndGlobalSection
	GlobalSection(ProjectConfigurationPlatforms) = postSolution
		{D53B115F-6AA0-45E1-B51B-E5109298AC5E}.Debug|x64.ActiveCfg = Debug|x64
		{D53B115F-6AA0-45E1-B51B-E5109298AC5E}.Debug|x64.Build.0 = Debug|x64
		{D53B115F-6AA0-45E1-B51B-E5109298AC5E}.Debug|x86.ActiveCfg = Debug|Win32
		{D53B115F-6AA0-45E1-B51B-E5109298AC5E}.Debug|x86.Build.0 = Debug|Win32
		{D53B115F-6AA0-45E1-B51B-E5109298AC5E}.Release|x64.ActiveCfg = Release|x64
		{D53B115F-6AA0-45E1-B51B-E5109298AC5E}.Release|x64.Build.0 = Release|x64
		{D53B115F-6AA0-45E1-B51B-E5109298AC5E}.Release|x86.ActiveCfg = Release|Win32
		{D53B115F-6AA0-45E1-B51B-E5109298AC5E}.Release|x86.Build.0 = Release|Win32
	EndGlobalSection
	GlobalSection(SolutionProperties) = preSolution
		HideSolutionNode = FALSE
	EndGlobalSection
	GlobalSection(ExtensibilityGlobals) = postSolution
		SolutionGuid = {69DB631E-BA8A-4FD3-8C60-6544D9836637}
	EndGlobalSection
EndGlobal
